github.com/black40x/tunl-core v0.0.0-20220828180952-14b21e5c019a h1:nuKt3BMtz3KvdBdr0YvFhgtH9DZPRhvo9S/KXV6j54w=
github.com/black40x/tunl-core v0.0.0-20220828180952-14b21e5c019a/go.mod h1:PS0LIOE2sFZtuEmi9TghR/bvbf3qu9P5ZznSs5UcTNg=
github.com/black40x/tunl-core v0.1.12 h1:SejZ7yQrmI3Lsj/lPTpgph1iUIwzmakBshGAl4cK7zo=
github.com/black40x/tunl-core v0.1.12/go.mod h1:PS0LIOE2sFZtuEmi9TghR/bvbf3qu9P5ZznSs5UcTNg=
